
Microsoft Visual Studio Solution File, Format Version 12.00
# Visual Studio 2013
VisualStudioVersion = 12.0.31101.0
MinimumVisualStudioVersion = 10.0.40219.1
Project("{FAE04EC0-301F-11D3-BF4B-00C04F79EFBC}") = "WpfDemo", "WpfDemo\WpfDemo.csproj", "{61786B21-01E7-4AFF-9DBB-6CD5588EAAC5}"
EndProject
Project("{FAE04EC0-301F-11D3-BF4B-00C04F79EFBC}") = "WpfDemo.Tests", "WpfDemo.Tests\WpfDemo.Tests.csproj", "{061686FC-BEE7-4196-81EB-703C0D619342}"
EndProject
Project("{FAE04EC0-301F-11D3-BF4B-00C04F79EFBC}") = "WpfDemo.Library", "WpfDemo.Library\WpfDemo.Library.csproj", "{167EAD13-D012-4B95-8DBB-25F1607A315A}"
EndProject
Global
	GlobalSection(SolutionConfigurationPlatforms) = preSolution
		Debug|Any CPU = Debug|Any CPU
		Release|Any CPU = Release|Any CPU
	EndGlobalSection
	GlobalSection(ProjectConfigurationPlatforms) = postSolution
		{61786B21-01E7-4AFF-9DBB-6CD5588EAAC5}.Debug|Any CPU.ActiveCfg = Debug|Any CPU
		{61786B21-01E7-4AFF-9DBB-6CD5588EAAC5}.Debug|Any CPU.Build.0 = Debug|Any CPU
		{61786B21-01E7-4AFF-9DBB-6CD5588EAAC5}.Release|Any CPU.ActiveCfg = Release|Any CPU
		{61786B21-01E7-4AFF-9DBB-6CD5588EAAC5}.Release|Any CPU.Build.0 = Release|Any CPU
		{061686FC-BEE7-4196-81EB-703C0D619342}.Debug|Any CPU.ActiveCfg = Debug|Any CPU
		{061686FC-BEE7-4196-81EB-703C0D619342}.Debug|Any CPU.Build.0 = Debug|Any CPU
		{061686FC-BEE7-4196-81EB-703C0D619342}.Release|Any CPU.ActiveCfg = Release|Any CPU
		{061686FC-BEE7-4196-81EB-703C0D619342}.Release|Any CPU.Build.0 = Release|Any CPU
		{167EAD13-D012-4B95-8DBB-25F1607A315A}.Debug|Any CPU.ActiveCfg = Debug|Any CPU
		{167EAD13-D012-4B95-8DBB-25F1607A315A}.Debug|Any CPU.Build.0 = Debug|Any CPU
		{167EAD13-D012-4B95-8DBB-25F1607A315A}.Release|Any CPU.ActiveCfg = Release|Any CPU
		{167EAD13-D012-4B95-8DBB-25F1607A315A}.Release|Any CPU.Build.0 = Release|Any CPU
	EndGlobalSection
	GlobalSection(SolutionProperties) = preSolution
		HideSolutionNode = FALSE
	EndGlobalSection
EndGlobal
